
Microsoft Visual Studio Solution File, Format Version 12.00
# Visual Studio Version 17
VisualStudioVersion = 17.9.34728.123
MinimumVisualStudioVersion = 10.0.40219.1
Project("{FAE04EC0-301F-11D3-BF4B-00C04F79EFBC}") = "apihacka", "apihacka.csproj", "{2C67C731-50FB-4CF8-B24E-B7A6BD43035B}"
EndProject
Global
	GlobalSection(SolutionConfigurationPlatforms) = preSolution
		Debug|Any CPU = Debug|Any CPU
		Release|Any CPU = Release|Any CPU
	EndGlobalSection
	GlobalSection(ProjectConfigurationPlatforms) = postSolution
		{2C67C731-50FB-4CF8-B24E-B7A6BD43035B}.Debug|Any CPU.ActiveCfg = Debug|Any CPU
		{2C67C731-50FB-4CF8-B24E-B7A6BD43035B}.Debug|Any CPU.Build.0 = Debug|Any CPU
		{2C67C731-50FB-4CF8-B24E-B7A6BD43035B}.Release|Any CPU.ActiveCfg = Release|Any CPU
		{2C67C731-50FB-4CF8-B24E-B7A6BD43035B}.Release|Any CPU.Build.0 = Release|Any CPU
	EndGlobalSection
	GlobalSection(SolutionProperties) = preSolution
		HideSolutionNode = FALSE
	EndGlobalSection
	GlobalSection(ExtensibilityGlobals) = postSolution
		SolutionGuid = {40263598-A700-4E4E-B3A7-AEA167A158C4}
	EndGlobalSection
EndGlobal
